{
    "_readme": [
        "This file locks the dependencies of your project to a known state",
        "Read more about it at https://getcomposer.org/doc/01-basic-usage.md#composer-lock-the-lock-file",
        "This file is @generated automatically"
    ],
    "hash": "c3f564bfa5ca4e0ddf20f615284edc1d",
    "content-hash": "831511eaad403ab33cfb102eb10c0cd1",
    "packages": [
        {
            "name": "amphp/aerys",
            "version": "dev-master",
            "source": {
                "type": "git",
                "url": "https://github.com/amphp/aerys.git",
                "reference": "dd4122fa25fd75f4a2b4ffbf204786adde57a096"
            },
            "dist": {
                "type": "zip",
                "url": "https://api.github.com/repos/amphp/aerys/zipball/dd4122fa25fd75f4a2b4ffbf204786adde57a096",
                "reference": "dd4122fa25fd75f4a2b4ffbf204786adde57a096",
                "shasum": ""
            },
            "require": {
                "amphp/amp": "^1",
                "amphp/file": "^0.1.1",
                "amphp/socket": "^0.9",
                "league/climate": "^3",
                "nikic/fast-route": "^1",
                "php": ">=7.0.0",
                "psr/log": "^1"
            },
            "require-dev": {
                "amphp/artax": "^2",
                "fabpot/php-cs-fixer": "^1.9",
                "http2jp/hpack-test-case": "1.0",
                "phpunit/phpunit": "^5.2"
            },
            "bin": [
                "bin/aerys"
            ],
            "type": "library",
            "extra": {
                "branch-alias": {
                    "dev-master": "0.4.0-dev"
                }
            },
            "autoload": {
                "psr-4": {
                    "Aerys\\": "lib/"
                },
                "files": [
                    "lib/functions.php",
                    "lib/constants.php"
                ]
            },
            "notification-url": "https://packagist.org/downloads/",
            "license": [
                "MIT"
            ],
            "authors": [
                {
                    "name": "Daniel Lowrey",
                    "email": "rdlowrey@php.net",
                    "role": "Creator / Lead Developer"
                },
                {
                    "name": "Bob Weinand",
                    "role": "Developer / API Coordinator"
                },
                {
                    "name": "Niklas Keller",
                    "role": "Quality Assurance / Developer"
                }
            ],
            "description": "A non-blocking HTTP/Websocket server",
            "homepage": "https://github.com/amphp/aerys",
            "keywords": [
                "aerys",
                "amp",
                "amphp",
                "async",
                "http",
                "non-blocking",
                "server",
                "websocket"
            ],
            "time": "2016-12-26 15:56:12"
        },
        {
            "name": "amphp/amp",
            "version": "v1.x-dev",
            "source": {
                "type": "git",
                "url": "https://github.com/amphp/amp.git",
                "reference": "ba8335a3296a499a655d4ea18510484ee3e1310a"
            },
            "dist": {
                "type": "zip",
                "url": "https://api.github.com/repos/amphp/amp/zipball/ba8335a3296a499a655d4ea18510484ee3e1310a",
                "reference": "ba8335a3296a499a655d4ea18510484ee3e1310a",
                "shasum": ""
            },
            "require": {
                "php": ">=5.5"
            },
            "require-dev": {
                "fabpot/php-cs-fixer": "~1.9",
                "phpunit/phpunit": "~4.8"
            },
            "type": "library",
            "extra": {
                "branch-alias": {
                    "dev-master": "1.0.x-dev"
                }
            },
            "autoload": {
                "psr-4": {
                    "Amp\\": "lib/"
                },
                "files": [
                    "lib/functions.php"
                ]
            },
            "notification-url": "https://packagist.org/downloads/",
            "license": [
                "MIT"
            ],
            "authors": [
                {
                    "name": "Daniel Lowrey",
                    "email": "rdlowrey@php.net",
                    "role": "Creator / Lead Developer"
                }
            ],
            "description": "A non-blocking concurrency framework for PHP applications",
            "homepage": "https://github.com/amphp/amp",
            "keywords": [
                "async",
                "concurrency",
                "event",
                "non-blocking",
                "promise"
            ],
            "time": "2016-09-04 12:46:12"
        },
        {
            "name": "amphp/cache",
            "version": "v0.1.0",
            "source": {
                "type": "git",
                "url": "https://github.com/amphp/cache.git",
                "reference": "26709c198dcee686557801eda6d9345f3cfa8874"
            },
            "dist": {
                "type": "zip",
                "url": "https://api.github.com/repos/amphp/cache/zipball/26709c198dcee686557801eda6d9345f3cfa8874",
                "reference": "26709c198dcee686557801eda6d9345f3cfa8874",
                "shasum": ""
            },
            "require": {
                "amphp/amp": "^1"
            },
            "require-dev": {
                "fabpot/php-cs-fixer": "~1.9",
                "phpunit/phpunit": "~4.8"
            },
            "suggest": {
                "amphp/redis": "For redis cache driver support"
            },
            "type": "library",
            "autoload": {
                "psr-4": {
                    "Amp\\Cache\\": "lib/"
                }
            },
            "notification-url": "https://packagist.org/downloads/",
            "license": [
                "MIT"
            ],
            "authors": [
                {
                    "name": "Niklas Keller",
                    "email": "me@kelunik.com"
                },
                {
                    "name": "Daniel Lowrey",
                    "email": "rdlowrey@php.net"
                }
            ],
            "description": "A promise-aware caching API built on the amp concurrency framework",
            "homepage": "https://github.com/amphp/cache",
            "time": "2015-09-08 22:26:20"
        },
        {
            "name": "amphp/dns",
            "version": "v0.8.11",
            "source": {
                "type": "git",
                "url": "https://github.com/amphp/dns.git",
                "reference": "ba6016dd0a2a79e2eed8b2392ae3002d49120aaa"
            },
            "dist": {
                "type": "zip",
                "url": "https://api.github.com/repos/amphp/dns/zipball/ba6016dd0a2a79e2eed8b2392ae3002d49120aaa",
                "reference": "ba6016dd0a2a79e2eed8b2392ae3002d49120aaa",
                "shasum": ""
            },
            "require": {
                "amphp/amp": "^1",
                "amphp/cache": "^0.1",
                "amphp/file": "^0.1",
                "daverandom/libdns": "^1",
                "php": ">=5.5"
            },
            "require-dev": {
                "fabpot/php-cs-fixer": "^1.9",
                "phpunit/phpunit": "^4.8"
            },
            "type": "library",
            "autoload": {
                "psr-4": {
                    "Amp\\Dns\\": "lib"
                },
                "files": [
                    "lib/constants.php",
                    "lib/functions.php"
                ]
            },
            "notification-url": "https://packagist.org/downloads/",
            "license": [
                "MIT"
            ],
            "authors": [
                {
                    "name": "Bob Weinand",
                    "email": "bobwei9@hotmail.com"
                },
                {
                    "name": "Niklas Keller",
                    "email": "me@kelunik.com"
                },
                {
                    "name": "Daniel Lowrey",
                    "email": "rdlowrey@php.net"
                },
                {
                    "name": "Chris Wright",
                    "email": "addr@daverandom.com"
                }
            ],
            "description": "Async DNS resolution built on the amp concurrency framework",
            "homepage": "https://github.com/amphp/dns",
            "keywords": [
                "amp",
                "async",
                "client",
                "dns",
                "resolve"
            ],
            "time": "2016-05-26 19:49:36"
        },
        {
            "name": "amphp/file",
            "version": "v0.1.3",
            "source": {
                "type": "git",
                "url": "https://github.com/amphp/file.git",
                "reference": "6612ae6757d4719492ed8b34ea6181ff67cfbed1"
            },
            "dist": {
                "type": "zip",
                "url": "https://api.github.com/repos/amphp/file/zipball/6612ae6757d4719492ed8b34ea6181ff67cfbed1",
                "reference": "6612ae6757d4719492ed8b34ea6181ff67cfbed1",
                "shasum": ""
            },
            "require": {
                "amphp/amp": "^1",
                "php": ">=5.5"
            },
            "require-dev": {
                "friendsofphp/php-cs-fixer": "~1.9",
                "phpunit/phpunit": "~4.8"
            },
            "type": "library",
            "extra": {
                "branch-alias": {
                    "dev-master": "0.1.0-dev",
                    "dev-amp_v2": "0.2.0-dev"
                }
            },
            "autoload": {
                "psr-4": {
                    "Amp\\File\\": "lib"
                },
                "files": [
                    "lib/functions.php"
                ]
            },
            "notification-url": "https://packagist.org/downloads/",
            "license": [
                "MIT"
            ],
            "authors": [
                {
                    "name": "Daniel Lowrey",
                    "email": "rdlowrey@php.net"
                }
            ],
            "description": "An async filesystem library built on the amp concurrency framework",
            "homepage": "https://github.com/amphp/file",
            "keywords": [
                "amp",
                "amphp",
                "async",
                "disk",
                "file",
                "non-blocking",
                "static"
            ],
            "time": "2016-10-01 17:43:52"
        },
        {
            "name": "amphp/loop",
            "version": "dev-master",
            "source": {
                "type": "git",
                "url": "https://github.com/amphp/loop.git",
                "reference": "ef9216a00a829dc7bb607942431c579bdfb88fcf"
            },
            "dist": {
                "type": "zip",
                "url": "https://api.github.com/repos/amphp/loop/zipball/ef9216a00a829dc7bb607942431c579bdfb88fcf",
                "reference": "ef9216a00a829dc7bb607942431c579bdfb88fcf",
                "shasum": ""
            },
            "require": {
                "async-interop/event-loop": "^0.3"
            },
            "provide": {
                "async-interop/event-loop-implementation": "^0.3"
            },
            "require-dev": {
                "async-interop/event-loop-test": "dev-master",
                "friendsofphp/php-cs-fixer": "~1.9"
            },
            "type": "library",
            "autoload": {
                "psr-4": {
                    "Amp\\Loop\\": "lib"
                },
                "files": [
                    "lib/bootstrap.php"
                ]
            },
            "notification-url": "https://packagist.org/downloads/",
            "license": [
                "MIT"
            ],
            "homepage": "http://amphp.org",
            "keywords": [
                "async",
                "asynchronous",
                "event",
                "loop",
                "reactor"
            ],
            "time": "2016-12-18 20:56:47"
        },
        {
            "name": "amphp/socket",
            "version": "v0.9.9",
            "source": {
                "type": "git",
                "url": "https://github.com/amphp/socket.git",
                "reference": "722614608c1de7099661187fad4e15c876816db1"
            },
            "dist": {
                "type": "zip",
                "url": "https://api.github.com/repos/amphp/socket/zipball/722614608c1de7099661187fad4e15c876816db1",
                "reference": "722614608c1de7099661187fad4e15c876816db1",
                "shasum": ""
            },
            "require": {
                "amphp/amp": "^1",
                "amphp/dns": "^0.8",
                "php": ">=5.5"
            },
            "require-dev": {
                "fabpot/php-cs-fixer": "~1.9",
                "phpunit/phpunit": "~4.8"
            },
            "type": "library",
            "autoload": {
                "psr-4": {
                    "Amp\\Socket\\": "lib/"
                },
                "files": [
                    "lib/functions.php"
                ]
            },
            "notification-url": "https://packagist.org/downloads/",
            "license": [
                "MIT"
            ],
            "authors": [
                {
                    "name": "Daniel Lowrey",
                    "email": "rdlowrey@gmail.com"
                }
            ],
            "description": "Async socket connection tools for the amp concurrency framework",
            "homepage": "https://github.com/amphp/socket",
            "keywords": [
                "amp",
                "async",
                "encryption",
                "non-blocking",
                "sockets",
                "tcp",
                "tls"
            ],
            "time": "2016-07-18 22:03:24"
        },
        {
            "name": "async-interop/event-loop",
            "version": "v0.3.0",
            "source": {
                "type": "git",
                "url": "https://github.com/async-interop/event-loop.git",
                "reference": "9ab9e6a6bb409a68708fa5ef09eb593dcd73f7f2"
            },
            "dist": {
                "type": "zip",
                "url": "https://api.github.com/repos/async-interop/event-loop/zipball/9ab9e6a6bb409a68708fa5ef09eb593dcd73f7f2",
                "reference": "9ab9e6a6bb409a68708fa5ef09eb593dcd73f7f2",
                "shasum": ""
            },
            "require": {
                "php": ">=5.5.0"
            },
            "require-dev": {
                "phpunit/phpunit": "^4|^5"
            },
            "type": "library",
            "autoload": {
                "psr-4": {
                    "Interop\\Async\\": "src"
                }
            },
            "notification-url": "https://packagist.org/downloads/",
            "license": [
                "MIT"
            ],
            "description": "An event loop interface for interoperability.",
            "keywords": [
                "async",
                "event",
                "interop",
                "loop"
            ],
            "time": "2016-08-30 20:35:31"
        },
        {
            "name": "danielmewes/php-rql",
            "version": "dev-master",
            "source": {
                "type": "git",
                "url": "https://github.com/danielmewes/php-rql.git",
                "reference": "393a49ab5c3ce2cb7f3fc5c985e612b77ce472cd"
            },
            "dist": {
                "type": "zip",
                "url": "https://api.github.com/repos/danielmewes/php-rql/zipball/393a49ab5c3ce2cb7f3fc5c985e612b77ce472cd",
                "reference": "393a49ab5c3ce2cb7f3fc5c985e612b77ce472cd",
                "shasum": ""
            },
            "require": {
                "php": ">=5.3.0"
            },
            "require-dev": {
                "jakub-onderka/php-parallel-lint": "dev-master",
                "phpunit/phpunit": "~4.8",
                "squizlabs/php_codesniffer": "~2.5"
            },
            "type": "library",
            "autoload": {
                "files": [
                    "rdb/rdb.php"
                ],
                "psr-4": {
                    "r\\": "rdb/",
                    "r\\Tests\\": "tests/"
                }
            },
            "notification-url": "https://packagist.org/downloads/",
            "license": [
                "Apache-2.0"
            ],
            "authors": [
                {
                    "name": "Daniel Mewes",
                    "email": "danielmewes@onlinehome.de",
                    "homepage": "http://dmewes.com",
                    "role": "Developer"
                }
            ],
            "description": "A PHP client driver for the RethinkDB query language (ReQL)",
            "homepage": "http://danielmewes.github.io/php-rql/",
            "keywords": [
                "database",
                "driver",
                "reql",
                "rethinkdb"
            ],
            "time": "2016-05-31 01:55:32"
        },
        {
            "name": "daverandom/libdns",
            "version": "v1.1.0",
            "source": {
                "type": "git",
                "url": "https://github.com/DaveRandom/LibDNS.git",
                "reference": "67de5497e84d179dffc089c5eb6a1945eb4e9460"
            },
            "dist": {
                "type": "zip",
                "url": "https://api.github.com/repos/DaveRandom/LibDNS/zipball/67de5497e84d179dffc089c5eb6a1945eb4e9460",
                "reference": "67de5497e84d179dffc089c5eb6a1945eb4e9460",
                "shasum": ""
            },
            "require": {
                "php": ">=5.4.0"
            },
            "type": "library",
            "autoload": {
                "psr-4": {
                    "LibDNS\\": "src/"
                }
            },
            "notification-url": "https://packagist.org/downloads/",
            "license": [
                "MIT"
            ],
            "description": "DNS protocol implementation written in pure PHP",
            "keywords": [
                "dns"
            ],
            "time": "2016-04-29 20:47:45"
        },
        {
            "name": "guzzlehttp/guzzle",
            "version": "dev-master",
            "source": {
                "type": "git",
                "url": "https://github.com/guzzle/guzzle.git",
                "reference": "e7dea7f16d2119f443af15c357f35461c1455443"
            },
            "dist": {
                "type": "zip",
                "url": "https://api.github.com/repos/guzzle/guzzle/zipball/e7dea7f16d2119f443af15c357f35461c1455443",
                "reference": "e7dea7f16d2119f443af15c357f35461c1455443",
                "shasum": ""
            },
            "require": {
                "guzzlehttp/promises": "^1.0",
                "guzzlehttp/psr7": "^1.3.1",
                "php": ">=5.5"
            },
            "require-dev": {
                "ext-curl": "*",
                "phpunit/phpunit": "^4.0",
                "psr/log": "^1.0"
            },
            "type": "library",
            "extra": {
                "branch-alias": {
                    "dev-master": "6.2-dev"
                }
            },
            "autoload": {
                "files": [
                    "src/functions_include.php"
                ],
                "psr-4": {
                    "GuzzleHttp\\": "src/"
                }
            },
            "notification-url": "https://packagist.org/downloads/",
            "license": [
                "MIT"
            ],
            "authors": [
                {
                    "name": "Michael Dowling",
                    "email": "mtdowling@gmail.com",
                    "homepage": "https://github.com/mtdowling"
                }
            ],
            "description": "Guzzle is a PHP HTTP client library",
            "homepage": "http://guzzlephp.org/",
            "keywords": [
                "client",
                "curl",
                "framework",
                "http",
                "http client",
                "rest",
                "web service"
            ],
            "time": "2016-12-27 10:24:35"
        },
        {
            "name": "guzzlehttp/promises",
            "version": "dev-master",
            "source": {
                "type": "git",
                "url": "https://github.com/guzzle/promises.git",
                "reference": "a59da6cf61d80060647ff4d3eb2c03a2bc694646"
            },
            "dist": {
                "type": "zip",
                "url": "https://api.github.com/repos/guzzle/promises/zipball/a59da6cf61d80060647ff4d3eb2c03a2bc694646",
                "reference": "a59da6cf61d80060647ff4d3eb2c03a2bc694646",
                "shasum": ""
            },
            "require": {
                "php": ">=5.5.0"
            },
            "require-dev": {
                "phpunit/phpunit": "^4.0"
            },
            "type": "library",
            "extra": {
                "branch-alias": {
                    "dev-master": "1.4-dev"
                }
            },
            "autoload": {
                "psr-4": {
                    "GuzzleHttp\\Promise\\": "src/"
                },
                "files": [
                    "src/functions_include.php"
                ]
            },
            "notification-url": "https://packagist.org/downloads/",
            "license": [
                "MIT"
            ],
            "authors": [
                {
                    "name": "Michael Dowling",
                    "email": "mtdowling@gmail.com",
                    "homepage": "https://github.com/mtdowling"
                }
            ],
            "description": "Guzzle promises library",
            "keywords": [
                "promise"
            ],
            "time": "2016-12-20 10:07:11"
        },
        {
            "name": "guzzlehttp/psr7",
            "version": "dev-master",
            "source": {
                "type": "git",
                "url": "https://github.com/guzzle/psr7.git",
                "reference": "5f17a79615bd36d52d3b3ce44075aec02605d8bf"
            },
            "dist": {
                "type": "zip",
                "url": "https://api.github.com/repos/guzzle/psr7/zipball/5f17a79615bd36d52d3b3ce44075aec02605d8bf",
                "reference": "5f17a79615bd36d52d3b3ce44075aec02605d8bf",
                "shasum": ""
            },
            "require": {
                "php": ">=5.4.0",
                "psr/http-message": "~1.0"
            },
            "provide": {
                "psr/http-message-implementation": "1.0"
            },
            "require-dev": {
                "phpunit/phpunit": "~4.0"
            },
            "type": "library",
            "extra": {
                "branch-alias": {
                    "dev-master": "1.4-dev"
                }
            },
            "autoload": {
                "psr-4": {
                    "GuzzleHttp\\Psr7\\": "src/"
                },
                "files": [
                    "src/functions_include.php"
                ]
            },
            "notification-url": "https://packagist.org/downloads/",
            "license": [
                "MIT"
            ],
            "authors": [
                {
                    "name": "Michael Dowling",
                    "email": "mtdowling@gmail.com",
                    "homepage": "https://github.com/mtdowling"
                },
                {
                    "name": "Tobias Schultze",
                    "homepage": "https://github.com/Tobion"
                }
            ],
            "description": "PSR-7 message implementation that also provides common utility methods",
            "keywords": [
                "http",
                "message",
                "request",
                "response",
                "stream",
                "uri",
                "url"
            ],
            "time": "2016-11-02 14:11:11"
        },
        {
            "name": "league/climate",
            "version": "3.2.1",
            "source": {
                "type": "git",
                "url": "https://github.com/thephpleague/climate.git",
                "reference": "b103fc8faa3780c802cc507d5f0ff534ecc94fb5"
            },
            "dist": {
                "type": "zip",
                "url": "https://api.github.com/repos/thephpleague/climate/zipball/b103fc8faa3780c802cc507d5f0ff534ecc94fb5",
                "reference": "b103fc8faa3780c802cc507d5f0ff534ecc94fb5",
                "shasum": ""
            },
            "require": {
                "php": ">=5.4.0",
                "seld/cli-prompt": "~1.0"
            },
            "require-dev": {
                "mikey179/vfsstream": "~1.4",
                "mockery/mockery": "~0.9",
                "phpunit/phpunit": "~4.6"
            },
            "type": "library",
            "autoload": {
                "psr-4": {
                    "League\\CLImate\\": "src/"
                }
            },
            "notification-url": "https://packagist.org/downloads/",
            "license": [
                "MIT"
            ],
            "authors": [
                {
                    "name": "Joe Tannenbaum",
                    "email": "hey@joe.codes",
                    "homepage": "http://joe.codes/",
                    "role": "Developer"
                }
            ],
            "description": "PHP's best friend for the terminal. CLImate allows you to easily output colored text, special formats, and more.",
            "keywords": [
                "cli",
                "colors",
                "command",
                "php",
                "terminal"
            ],
            "time": "2016-04-04 20:24:59"
        },
        {
            "name": "nikic/fast-route",
            "version": "v1.1.0",
            "source": {
                "type": "git",
                "url": "https://github.com/nikic/FastRoute.git",
                "reference": "f3dcf5130e634b6123d40727d612ec6aa4f61fb3"
            },
            "dist": {
                "type": "zip",
                "url": "https://api.github.com/repos/nikic/FastRoute/zipball/f3dcf5130e634b6123d40727d612ec6aa4f61fb3",
                "reference": "f3dcf5130e634b6123d40727d612ec6aa4f61fb3",
                "shasum": ""
            },
            "require": {
                "php": ">=5.4.0"
            },
            "type": "library",
            "autoload": {
                "psr-4": {
                    "FastRoute\\": "src/"
                },
                "files": [
                    "src/functions.php"
                ]
            },
            "notification-url": "https://packagist.org/downloads/",
            "license": [
                "BSD-3-Clause"
            ],
            "authors": [
                {
                    "name": "Nikita Popov",
                    "email": "nikic@php.net"
                }
            ],
            "description": "Fast request router for PHP",
            "keywords": [
                "router",
                "routing"
            ],
            "time": "2016-10-20 17:36:47"
        },
        {
            "name": "plivo/plivo-php",
            "version": "v1.1.5",
            "source": {
                "type": "git",
                "url": "https://github.com/plivo/plivo-php.git",
                "reference": "4d5ef0aac6bdd8698465a83fd3b46f0fb81f3cdf"
            },
            "dist": {
                "type": "zip",
                "url": "https://api.github.com/repos/plivo/plivo-php/zipball/4d5ef0aac6bdd8698465a83fd3b46f0fb81f3cdf",
                "reference": "4d5ef0aac6bdd8698465a83fd3b46f0fb81f3cdf",
                "shasum": ""
            },
            "require": {
                "guzzlehttp/guzzle": "^6.0"
            },
            "type": "library",
            "autoload": {
                "classmap": [
                    "plivo.php"
                ]
            },
            "notification-url": "https://packagist.org/downloads/",
            "license": [
                "MIT"
            ],
            "authors": [
                {
                    "name": "Radu Topala",
                    "email": "radu.topala@trisoft.ro"
                },
                {
                    "name": "Adam Homsi",
                    "email": "adam.homsi@gmail.com"
                },
                {
                    "name": "Plivo Team",
                    "email": "hello@plivo.com"
                },
                {
                    "name": "Ben McInturff",
                    "email": "benmcinturff@gmail.com"
                }
            ],
            "description": "Plivo PHP helper library to access PlivoCloud API and generate Plivo XML",
            "time": "2016-06-02 10:16:04"
        },
        {
            "name": "psr/http-message",
            "version": "dev-master",
            "source": {
                "type": "git",
                "url": "https://github.com/php-fig/http-message.git",
                "reference": "f6561bf28d520154e4b0ec72be95418abe6d9363"
            },
            "dist": {
                "type": "zip",
                "url": "https://api.github.com/repos/php-fig/http-message/zipball/f6561bf28d520154e4b0ec72be95418abe6d9363",
                "reference": "f6561bf28d520154e4b0ec72be95418abe6d9363",
                "shasum": ""
            },
            "require": {
                "php": ">=5.3.0"
            },
            "type": "library",
            "extra": {
                "branch-alias": {
                    "dev-master": "1.0.x-dev"
                }
            },
            "autoload": {
                "psr-4": {
                    "Psr\\Http\\Message\\": "src/"
                }
            },
            "notification-url": "https://packagist.org/downloads/",
            "license": [
                "MIT"
            ],
            "authors": [
                {
                    "name": "PHP-FIG",
                    "homepage": "http://www.php-fig.org/"
                }
            ],
            "description": "Common interface for HTTP messages",
            "homepage": "https://github.com/php-fig/http-message",
            "keywords": [
                "http",
                "http-message",
                "psr",
                "psr-7",
                "request",
                "response"
            ],
            "time": "2016-08-06 14:39:51"
        },
        {
            "name": "psr/log",
            "version": "dev-master",
            "source": {
                "type": "git",
                "url": "https://github.com/php-fig/log.git",
                "reference": "4ebe3a8bf773a19edfe0a84b6585ba3d401b724d"
            },
            "dist": {
                "type": "zip",
                "url": "https://api.github.com/repos/php-fig/log/zipball/4ebe3a8bf773a19edfe0a84b6585ba3d401b724d",
                "reference": "4ebe3a8bf773a19edfe0a84b6585ba3d401b724d",
                "shasum": ""
            },
            "require": {
                "php": ">=5.3.0"
            },
            "type": "library",
            "extra": {
                "branch-alias": {
                    "dev-master": "1.0.x-dev"
                }
            },
            "autoload": {
                "psr-4": {
                    "Psr\\Log\\": "Psr/Log/"
                }
            },
            "notification-url": "https://packagist.org/downloads/",
            "license": [
                "MIT"
            ],
            "authors": [
                {
                    "name": "PHP-FIG",
                    "homepage": "http://www.php-fig.org/"
                }
            ],
            "description": "Common interface for logging libraries",
            "homepage": "https://github.com/php-fig/log",
            "keywords": [
                "log",
                "psr",
                "psr-3"
            ],
            "time": "2016-10-10 12:19:37"
        },
        {
            "name": "seld/cli-prompt",
            "version": "dev-master",
            "source": {
                "type": "git",
                "url": "https://github.com/Seldaek/cli-prompt.git",
                "reference": "8cbe10923cae5bcd7c5a713f6703fc4727c8c1b4"
            },
            "dist": {
                "type": "zip",
                "url": "https://api.github.com/repos/Seldaek/cli-prompt/zipball/8cbe10923cae5bcd7c5a713f6703fc4727c8c1b4",
                "reference": "8cbe10923cae5bcd7c5a713f6703fc4727c8c1b4",
                "shasum": ""
            },
            "require": {
                "php": ">=5.3"
            },
            "type": "library",
            "extra": {
                "branch-alias": {
                    "dev-master": "1.x-dev"
                }
            },
            "autoload": {
                "psr-4": {
                    "Seld\\CliPrompt\\": "src/"
                }
            },
            "notification-url": "https://packagist.org/downloads/",
            "license": [
                "MIT"
            ],
            "authors": [
                {
                    "name": "Jordi Boggiano",
                    "email": "j.boggiano@seld.be"
                }
            ],
            "description": "Allows you to prompt for user input on the command line, and optionally hide the characters they type",
            "keywords": [
                "cli",
                "console",
                "hidden",
                "input",
                "prompt"
            ],
            "time": "2016-04-18 09:31:41"
        },
        {
            "name": "stripe/stripe-php",
            "version": "v4.3.0",
            "source": {
                "type": "git",
                "url": "https://github.com/stripe/stripe-php.git",
                "reference": "234bcbd7483873c8762a67dfbdf2e6594b0a2ecc"
            },
            "dist": {
                "type": "zip",
                "url": "https://api.github.com/repos/stripe/stripe-php/zipball/234bcbd7483873c8762a67dfbdf2e6594b0a2ecc",
                "reference": "234bcbd7483873c8762a67dfbdf2e6594b0a2ecc",
                "shasum": ""
            },
            "require": {
                "ext-curl": "*",
                "ext-json": "*",
                "ext-mbstring": "*",
                "php": ">=5.3.3"
            },
            "require-dev": {
                "phpunit/phpunit": "~4.0",
                "satooshi/php-coveralls": "~0.6.1",
                "squizlabs/php_codesniffer": "~2.0"
            },
            "type": "library",
            "extra": {
                "branch-alias": {
                    "dev-master": "2.0-dev"
                }
            },
            "autoload": {
                "psr-4": {
                    "Stripe\\": "lib/"
                }
            },
            "notification-url": "https://packagist.org/downloads/",
            "license": [
                "MIT"
            ],
            "authors": [
                {
                    "name": "Stripe and contributors",
                    "homepage": "https://github.com/stripe/stripe-php/contributors"
                }
            ],
            "description": "Stripe PHP Library",
            "homepage": "https://stripe.com/",
            "keywords": [
                "api",
                "payment processing",
                "stripe"
            ],
            "time": "2016-11-30 19:16:32"
        }
    ],
    "packages-dev": [],
    "aliases": [],
    "minimum-stability": "dev",
    "stability-flags": {
        "amphp/aerys": 20,
        "danielmewes/php-rql": 20,
        "amphp/loop": 20
    },
    "prefer-stable": false,
    "prefer-lowest": false,
    "platform": [],
    "platform-dev": []
}
